
Microsoft Visual Studio Solution File, Format Version 12.00
# Visual Studio Version 17
VisualStudioVersion = 17.8.34511.84
MinimumVisualStudioVersion = 10.0.40219.1
Project("{9A19103F-16F7-4668-BE54-9A1E7A4F7556}") = "Lab1", "Lab1\Lab1.csproj", "{371308EB-20DF-46DC-B0DC-409A80DE2E1E}"
EndProject
Global
	GlobalSection(SolutionConfigurationPlatforms) = preSolution
		Debug|Any CPU = Debug|Any CPU
		Release|Any CPU = Release|Any CPU
	EndGlobalSection
	GlobalSection(ProjectConfigurationPlatforms) = postSolution
		{371308EB-20DF-46DC-B0DC-409A80DE2E1E}.Debug|Any CPU.ActiveCfg = Debug|Any CPU
		{371308EB-20DF-46DC-B0DC-409A80DE2E1E}.Debug|Any CPU.Build.0 = Debug|Any CPU
		{371308EB-20DF-46DC-B0DC-409A80DE2E1E}.Release|Any CPU.ActiveCfg = Release|Any CPU
		{371308EB-20DF-46DC-B0DC-409A80DE2E1E}.Release|Any CPU.Build.0 = Release|Any CPU
	EndGlobalSection
	GlobalSection(SolutionProperties) = preSolution
		HideSolutionNode = FALSE
	EndGlobalSection
	GlobalSection(ExtensibilityGlobals) = postSolution
		SolutionGuid = {B4B74BE7-2C93-49BE-BD2A-776A2746CD83}
	EndGlobalSection
EndGlobal
